
Microsoft Visual Studio Solution File, Format Version 12.00
# Visual Studio 15
Project("{FAE04EC0-301F-11D3-BF4B-00C04F79EFBC}") = "Assembly-CSharp", "Assembly-CSharp.csproj", "{EF19AD28-9860-875B-ACA0-C4CEFD2AEBAC}"
EndProject
Project("{FAE04EC0-301F-11D3-BF4B-00C04F79EFBC}") = "Fusion.Unity.Editor", "Fusion.Unity.Editor.csproj", "{48319784-6FE6-799A-9037-66002F2D29E0}"
EndProject
Project("{FAE04EC0-301F-11D3-BF4B-00C04F79EFBC}") = "Assembly-CSharp-Editor", "Assembly-CSharp-Editor.csproj", "{B7302C42-826D-8F58-AEDD-8305D0826730}"
EndProject
Project("{FAE04EC0-301F-11D3-BF4B-00C04F79EFBC}") = "Fusion.Unity", "Fusion.Unity.csproj", "{142DE0FE-D2D4-C5A6-5188-7511287BEA98}"
EndProject
Project("{FAE04EC0-301F-11D3-BF4B-00C04F79EFBC}") = "Fusion.Addons.Physics", "Fusion.Addons.Physics.csproj", "{911E68AA-8727-319A-0458-62540E6BA0B3}"
EndProject
Project("{FAE04EC0-301F-11D3-BF4B-00C04F79EFBC}") = "ReadyPlayerMe.Samples.QuickStart", "ReadyPlayerMe.Samples.QuickStart.csproj", "{C2A32048-AD50-4737-86E8-F9E1596EED6C}"
EndProject
Project("{FAE04EC0-301F-11D3-BF4B-00C04F79EFBC}") = "Unity.Fusion.CodeGen", "Unity.Fusion.CodeGen.csproj", "{CBE2EBFD-0B2E-75B2-DD83-9B5D333AE81A}"
EndProject
Project("{FAE04EC0-301F-11D3-BF4B-00C04F79EFBC}") = "Fusion.Addons.Physics.Editor", "Fusion.Addons.Physics.Editor.csproj", "{7936C0C3-E494-A069-CB4B-0616AD3C0FE1}"
EndProject
Global
	GlobalSection(SolutionConfigurationPlatforms) = preSolution
		Debug|Any CPU = Debug|Any CPU
		Release|Any CPU = Release|Any CPU
	EndGlobalSection
	GlobalSection(ProjectConfigurationPlatforms) = postSolution
		{EF19AD28-9860-875B-ACA0-C4CEFD2AEBAC}.Debug|Any CPU.ActiveCfg = Debug|Any CPU
		{EF19AD28-9860-875B-ACA0-C4CEFD2AEBAC}.Debug|Any CPU.Build.0 = Debug|Any CPU
		{EF19AD28-9860-875B-ACA0-C4CEFD2AEBAC}.Release|Any CPU.ActiveCfg = Release|Any CPU
		{EF19AD28-9860-875B-ACA0-C4CEFD2AEBAC}.Release|Any CPU.Build.0 = Release|Any CPU
		{48319784-6FE6-799A-9037-66002F2D29E0}.Debug|Any CPU.ActiveCfg = Debug|Any CPU
		{48319784-6FE6-799A-9037-66002F2D29E0}.Debug|Any CPU.Build.0 = Debug|Any CPU
		{48319784-6FE6-799A-9037-66002F2D29E0}.Release|Any CPU.ActiveCfg = Release|Any CPU
		{48319784-6FE6-799A-9037-66002F2D29E0}.Release|Any CPU.Build.0 = Release|Any CPU
		{B7302C42-826D-8F58-AEDD-8305D0826730}.Debug|Any CPU.ActiveCfg = Debug|Any CPU
		{B7302C42-826D-8F58-AEDD-8305D0826730}.Debug|Any CPU.Build.0 = Debug|Any CPU
		{B7302C42-826D-8F58-AEDD-8305D0826730}.Release|Any CPU.ActiveCfg = Release|Any CPU
		{B7302C42-826D-8F58-AEDD-8305D0826730}.Release|Any CPU.Build.0 = Release|Any CPU
		{142DE0FE-D2D4-C5A6-5188-7511287BEA98}.Debug|Any CPU.ActiveCfg = Debug|Any CPU
		{142DE0FE-D2D4-C5A6-5188-7511287BEA98}.Debug|Any CPU.Build.0 = Debug|Any CPU
		{142DE0FE-D2D4-C5A6-5188-7511287BEA98}.Release|Any CPU.ActiveCfg = Release|Any CPU
		{142DE0FE-D2D4-C5A6-5188-7511287BEA98}.Release|Any CPU.Build.0 = Release|Any CPU
		{911E68AA-8727-319A-0458-62540E6BA0B3}.Debug|Any CPU.ActiveCfg = Debug|Any CPU
		{911E68AA-8727-319A-0458-62540E6BA0B3}.Debug|Any CPU.Build.0 = Debug|Any CPU
		{911E68AA-8727-319A-0458-62540E6BA0B3}.Release|Any CPU.ActiveCfg = Release|Any CPU
		{911E68AA-8727-319A-0458-62540E6BA0B3}.Release|Any CPU.Build.0 = Release|Any CPU
		{C2A32048-AD50-4737-86E8-F9E1596EED6C}.Debug|Any CPU.ActiveCfg = Debug|Any CPU
		{C2A32048-AD50-4737-86E8-F9E1596EED6C}.Debug|Any CPU.Build.0 = Debug|Any CPU
		{C2A32048-AD50-4737-86E8-F9E1596EED6C}.Release|Any CPU.ActiveCfg = Release|Any CPU
		{C2A32048-AD50-4737-86E8-F9E1596EED6C}.Release|Any CPU.Build.0 = Release|Any CPU
		{CBE2EBFD-0B2E-75B2-DD83-9B5D333AE81A}.Debug|Any CPU.ActiveCfg = Debug|Any CPU
		{CBE2EBFD-0B2E-75B2-DD83-9B5D333AE81A}.Debug|Any CPU.Build.0 = Debug|Any CPU
		{CBE2EBFD-0B2E-75B2-DD83-9B5D333AE81A}.Release|Any CPU.ActiveCfg = Release|Any CPU
		{CBE2EBFD-0B2E-75B2-DD83-9B5D333AE81A}.Release|Any CPU.Build.0 = Release|Any CPU
		{7936C0C3-E494-A069-CB4B-0616AD3C0FE1}.Debug|Any CPU.ActiveCfg = Debug|Any CPU
		{7936C0C3-E494-A069-CB4B-0616AD3C0FE1}.Debug|Any CPU.Build.0 = Debug|Any CPU
		{7936C0C3-E494-A069-CB4B-0616AD3C0FE1}.Release|Any CPU.ActiveCfg = Release|Any CPU
		{7936C0C3-E494-A069-CB4B-0616AD3C0FE1}.Release|Any CPU.Build.0 = Release|Any CPU
	EndGlobalSection
	GlobalSection(SolutionProperties) = preSolution
		HideSolutionNode = FALSE
	EndGlobalSection
EndGlobal
